
Microsoft Visual Studio Solution File, Format Version 12.00
# Visual Studio Version 17
VisualStudioVersion = 17.0.31903.59
MinimumVisualStudioVersion = 10.0.40219.1
Project("{9A19103F-16F7-4668-BE54-9A1E7A4F7556}") = "Ringen", "src\Ringen\Ringen.csproj", "{5004970A-D280-4357-B0FF-D4D660DED3EA}"
	ProjectSection(ProjectDependencies) = postProject
		{E27D7F4A-2978-4F3C-B499-6D4A43B7AF1F} = {E27D7F4A-2978-4F3C-B499-6D4A43B7AF1F}
		{DBB0788C-264E-48FB-BDDB-68790FACC863} = {DBB0788C-264E-48FB-BDDB-68790FACC863}
	EndProjectSection
EndProject
Project("{2150E333-8FDC-42A3-9474-1A3956D46DE8}") = "Base", "Base", "{CEA3744D-2A0A-4323-A912-718A79A76CA4}"
EndProject
Project("{9A19103F-16F7-4668-BE54-9A1E7A4F7556}") = "Ringen.Core", "src\UiLibraries\Ringen.Core\Ringen.Core.csproj", "{78C12D2B-0701-48E5-937C-B8EA3972A9DF}"
EndProject
Project("{2150E333-8FDC-42A3-9474-1A3956D46DE8}") = "Plugins", "Plugins", "{BADB2D69-3F45-4189-B692-0641352353E7}"
EndProject
Project("{9A19103F-16F7-4668-BE54-9A1E7A4F7556}") = "Ringen.Plugin.CsEditor", "src\Plugins\Ringen.Plugin.CsEditor\Ringen.Plugin.CsEditor.csproj", "{DBB0788C-264E-48FB-BDDB-68790FACC863}"
EndProject
Project("{9A19103F-16F7-4668-BE54-9A1E7A4F7556}") = "Ringen.Plugin.CsView", "src\Plugins\Ringen.Plugin.CsView\Ringen.Plugin.CsView.csproj", "{E27D7F4A-2978-4F3C-B499-6D4A43B7AF1F}"
EndProject
Project("{9A19103F-16F7-4668-BE54-9A1E7A4F7556}") = "Ringen.Configs", "src\Libraries\Ringen.Configs\Ringen.Configs.csproj", "{29E1D404-D33B-472C-AF4A-E16ADFD9169C}"
EndProject
Project("{9A19103F-16F7-4668-BE54-9A1E7A4F7556}") = "Ringen.CrossCutting", "src\Libraries\Ringen.CrossCutting\Ringen.CrossCutting.csproj", "{4ECD4835-1855-4A1C-8169-CF527B501AE2}"
EndProject
Project("{9A19103F-16F7-4668-BE54-9A1E7A4F7556}") = "Ringen.Schnittstellen.Caching", "src\Libraries\Ringen.Schnittstellen.Caching\Ringen.Schnittstellen.Caching.csproj", "{3249B259-9930-4C11-8DAD-FBA728DC59A5}"
EndProject
Project("{9A19103F-16F7-4668-BE54-9A1E7A4F7556}") = "Ringen.Tests", "src\Ringen.Tests\Ringen.Tests.csproj", "{E79E9D86-7A54-484C-AD3A-29894382F0DB}"
EndProject
Project("{C7167F0D-BC9F-4E6E-AFE1-012C56B48DB5}") = "Ringen.Package", "src\Ringen.Package\Ringen.Package.wapproj", "{9FF7EC86-38A6-462F-B5F1-427CC3911F14}"
EndProject
Global
	GlobalSection(SolutionConfigurationPlatforms) = preSolution
		Debug|Any CPU = Debug|Any CPU
		Release|Any CPU = Release|Any CPU
	EndGlobalSection
	GlobalSection(ProjectConfigurationPlatforms) = postSolution
		{5004970A-D280-4357-B0FF-D4D660DED3EA}.Debug|Any CPU.ActiveCfg = Debug|Any CPU
		{5004970A-D280-4357-B0FF-D4D660DED3EA}.Debug|Any CPU.Build.0 = Debug|Any CPU
		{5004970A-D280-4357-B0FF-D4D660DED3EA}.Release|Any CPU.ActiveCfg = Release|Any CPU
		{5004970A-D280-4357-B0FF-D4D660DED3EA}.Release|Any CPU.Build.0 = Release|Any CPU
		{78C12D2B-0701-48E5-937C-B8EA3972A9DF}.Debug|Any CPU.ActiveCfg = Debug|Any CPU
		{78C12D2B-0701-48E5-937C-B8EA3972A9DF}.Debug|Any CPU.Build.0 = Debug|Any CPU
		{78C12D2B-0701-48E5-937C-B8EA3972A9DF}.Release|Any CPU.ActiveCfg = Release|Any CPU
		{DBB0788C-264E-48FB-BDDB-68790FACC863}.Debug|Any CPU.ActiveCfg = Debug|Any CPU
		{DBB0788C-264E-48FB-BDDB-68790FACC863}.Debug|Any CPU.Build.0 = Debug|Any CPU
		{DBB0788C-264E-48FB-BDDB-68790FACC863}.Release|Any CPU.ActiveCfg = Release|Any CPU
		{E27D7F4A-2978-4F3C-B499-6D4A43B7AF1F}.Debug|Any CPU.ActiveCfg = Debug|Any CPU
		{E27D7F4A-2978-4F3C-B499-6D4A43B7AF1F}.Debug|Any CPU.Build.0 = Debug|Any CPU
		{E27D7F4A-2978-4F3C-B499-6D4A43B7AF1F}.Release|Any CPU.ActiveCfg = Release|Any CPU
		{E27D7F4A-2978-4F3C-B499-6D4A43B7AF1F}.Release|Any CPU.Build.0 = Release|Any CPU
		{29E1D404-D33B-472C-AF4A-E16ADFD9169C}.Debug|Any CPU.ActiveCfg = Debug|Any CPU
		{29E1D404-D33B-472C-AF4A-E16ADFD9169C}.Debug|Any CPU.Build.0 = Debug|Any CPU
		{29E1D404-D33B-472C-AF4A-E16ADFD9169C}.Release|Any CPU.ActiveCfg = Release|Any CPU
		{29E1D404-D33B-472C-AF4A-E16ADFD9169C}.Release|Any CPU.Build.0 = Release|Any CPU
		{4ECD4835-1855-4A1C-8169-CF527B501AE2}.Debug|Any CPU.ActiveCfg = Debug|Any CPU
		{4ECD4835-1855-4A1C-8169-CF527B501AE2}.Debug|Any CPU.Build.0 = Debug|Any CPU
		{4ECD4835-1855-4A1C-8169-CF527B501AE2}.Release|Any CPU.ActiveCfg = Release|Any CPU
		{4ECD4835-1855-4A1C-8169-CF527B501AE2}.Release|Any CPU.Build.0 = Release|Any CPU
		{3249B259-9930-4C11-8DAD-FBA728DC59A5}.Debug|Any CPU.ActiveCfg = Debug|Any CPU
		{3249B259-9930-4C11-8DAD-FBA728DC59A5}.Debug|Any CPU.Build.0 = Debug|Any CPU
		{3249B259-9930-4C11-8DAD-FBA728DC59A5}.Release|Any CPU.ActiveCfg = Release|Any CPU
		{3249B259-9930-4C11-8DAD-FBA728DC59A5}.Release|Any CPU.Build.0 = Release|Any CPU
		{E79E9D86-7A54-484C-AD3A-29894382F0DB}.Debug|Any CPU.ActiveCfg = Debug|Any CPU
		{E79E9D86-7A54-484C-AD3A-29894382F0DB}.Debug|Any CPU.Build.0 = Debug|Any CPU
		{E79E9D86-7A54-484C-AD3A-29894382F0DB}.Release|Any CPU.ActiveCfg = Release|Any CPU
		{E79E9D86-7A54-484C-AD3A-29894382F0DB}.Release|Any CPU.Build.0 = Release|Any CPU
		{9FF7EC86-38A6-462F-B5F1-427CC3911F14}.Debug|Any CPU.ActiveCfg = Debug|Any CPU
		{9FF7EC86-38A6-462F-B5F1-427CC3911F14}.Debug|Any CPU.Build.0 = Debug|Any CPU
		{9FF7EC86-38A6-462F-B5F1-427CC3911F14}.Debug|Any CPU.Deploy.0 = Debug|Any CPU
		{9FF7EC86-38A6-462F-B5F1-427CC3911F14}.Release|Any CPU.ActiveCfg = Release|Any CPU
		{9FF7EC86-38A6-462F-B5F1-427CC3911F14}.Release|Any CPU.Build.0 = Release|Any CPU
		{9FF7EC86-38A6-462F-B5F1-427CC3911F14}.Release|Any CPU.Deploy.0 = Release|Any CPU
	EndGlobalSection
	GlobalSection(SolutionProperties) = preSolution
		HideSolutionNode = FALSE
	EndGlobalSection
	GlobalSection(NestedProjects) = preSolution
		{78C12D2B-0701-48E5-937C-B8EA3972A9DF} = {CEA3744D-2A0A-4323-A912-718A79A76CA4}
		{DBB0788C-264E-48FB-BDDB-68790FACC863} = {BADB2D69-3F45-4189-B692-0641352353E7}
		{E27D7F4A-2978-4F3C-B499-6D4A43B7AF1F} = {BADB2D69-3F45-4189-B692-0641352353E7}
		{29E1D404-D33B-472C-AF4A-E16ADFD9169C} = {CEA3744D-2A0A-4323-A912-718A79A76CA4}
		{4ECD4835-1855-4A1C-8169-CF527B501AE2} = {CEA3744D-2A0A-4323-A912-718A79A76CA4}
		{3249B259-9930-4C11-8DAD-FBA728DC59A5} = {CEA3744D-2A0A-4323-A912-718A79A76CA4}
	EndGlobalSection
	GlobalSection(ExtensibilityGlobals) = postSolution
		SolutionGuid = {126F21D1-89B4-41A8-A658-369C6DDDCDA3}
	EndGlobalSection
EndGlobal
