
Microsoft Visual Studio Solution File, Format Version 12.00
# Visual Studio Version 16
VisualStudioVersion = 16.0.29519.181
MinimumVisualStudioVersion = 10.0.40219.1
Project("{FAE04EC0-301F-11D3-BF4B-00C04F79EFBC}") = "Ringen", "Ringen\Ringen.csproj", "{5004970A-D280-4357-B0FF-D4D660DED3EA}"
	ProjectSection(ProjectDependencies) = postProject
		{E27D7F4A-2978-4F3C-B499-6D4A43B7AF1F} = {E27D7F4A-2978-4F3C-B499-6D4A43B7AF1F}
		{DBB0788C-264E-48FB-BDDB-68790FACC863} = {DBB0788C-264E-48FB-BDDB-68790FACC863}
	EndProjectSection
EndProject
Project("{2150E333-8FDC-42A3-9474-1A3956D46DE8}") = "Base", "Base", "{CEA3744D-2A0A-4323-A912-718A79A76CA4}"
EndProject
Project("{930C7802-8A8C-48F9-8165-68863BCCD9DD}") = "wix-msi", "wix-msi\wix-msi.wixproj", "{A78FA637-04A9-4094-B931-6F551A8AF2B6}"
	ProjectSection(ProjectDependencies) = postProject
		{5004970A-D280-4357-B0FF-D4D660DED3EA} = {5004970A-D280-4357-B0FF-D4D660DED3EA}
	EndProjectSection
EndProject
Project("{FAE04EC0-301F-11D3-BF4B-00C04F79EFBC}") = "Ringen.Core", "Ringen.Core\Ringen.Core.csproj", "{78C12D2B-0701-48E5-937C-B8EA3972A9DF}"
EndProject
Project("{2150E333-8FDC-42A3-9474-1A3956D46DE8}") = "Plugins", "Plugins", "{BADB2D69-3F45-4189-B692-0641352353E7}"
EndProject
Project("{FAE04EC0-301F-11D3-BF4B-00C04F79EFBC}") = "Ringen.Plugin.CsEditor", "Plugins\Ringen.Plugin.CsEditor\Ringen.Plugin.CsEditor.csproj", "{DBB0788C-264E-48FB-BDDB-68790FACC863}"
EndProject
Project("{FAE04EC0-301F-11D3-BF4B-00C04F79EFBC}") = "Ringen.Plugin.CsView", "Plugins\Ringen.Plugin.CsView\Ringen.Plugin.CsView.csproj", "{E27D7F4A-2978-4F3C-B499-6D4A43B7AF1F}"
EndProject
Project("{FAE04EC0-301F-11D3-BF4B-00C04F79EFBC}") = "Ringen.Plugin.CsEditor.Tests", "Ringen.Plugin.CsEditor.Tests\Ringen.Plugin.CsEditor.Tests.csproj", "{9781A993-E950-4C0D-AEE9-FE74F485ABC6}"
EndProject
Project("{FAE04EC0-301F-11D3-BF4B-00C04F79EFBC}") = "Ringen.Shared", "Ringen.Shared\Ringen.Shared.csproj", "{F4BDD0B5-8268-4E68-BE6A-EAD3485AD2B1}"
EndProject
Project("{2150E333-8FDC-42A3-9474-1A3956D46DE8}") = "Schnittstellen", "Schnittstellen", "{C9D27EA0-FF02-40A7-830F-F61973E14798}"
EndProject
Project("{FAE04EC0-301F-11D3-BF4B-00C04F79EFBC}") = "Http.Library", "Http.Library\Http.Library.csproj", "{32F34F12-4604-4D65-BAC9-C9E97D17F9CC}"
EndProject
Project("{FAE04EC0-301F-11D3-BF4B-00C04F79EFBC}") = "Ringen.Schnittstellen.Contracts", "Ringen.Schnittstellen.Contracts\Ringen.Schnittstellen.Contracts.csproj", "{17D6DADE-EBE8-4B4A-9EDA-014395CF42A5}"
EndProject
Project("{FAE04EC0-301F-11D3-BF4B-00C04F79EFBC}") = "Ringen.Schnittstelle.RDB", "Ringen.Schnittstelle.RDB\Ringen.Schnittstelle.RDB.csproj", "{F0356F4F-572C-4E16-8C75-B3972B1F89B8}"
EndProject
Project("{FAE04EC0-301F-11D3-BF4B-00C04F79EFBC}") = "Ringen.DependencyInjection", "Ringen.DependencyInjection\Ringen.DependencyInjection.csproj", "{B7F4860D-F7A8-4AAE-AE34-9166AB9E8F7A}"
	ProjectSection(ProjectDependencies) = postProject
		{A2C1462F-F832-4F71-9909-D4A8BEF51986} = {A2C1462F-F832-4F71-9909-D4A8BEF51986}
	EndProjectSection
EndProject
Project("{FAE04EC0-301F-11D3-BF4B-00C04F79EFBC}") = "Ringen.Schnittstelle.RDB.Tests", "Ringen.Schnittstelle.RDB.Tests\Ringen.Schnittstelle.RDB.Tests.csproj", "{72E2CC39-DA9A-4BC2-9856-0E1564A89DB2}"
EndProject
Project("{FAE04EC0-301F-11D3-BF4B-00C04F79EFBC}") = "Ringen.Tests.Shared", "Ringen.Tests.Shared\Ringen.Tests.Shared.csproj", "{01440D20-4C41-4C0C-AD73-FA1C08139693}"
EndProject
Project("{FAE04EC0-301F-11D3-BF4B-00C04F79EFBC}") = "Ringen.Schnittstelle.Caching", "Ringen.Schnittstelle.Caching\Ringen.Schnittstelle.Caching.csproj", "{A2C1462F-F832-4F71-9909-D4A8BEF51986}"
EndProject
Global
	GlobalSection(SolutionConfigurationPlatforms) = preSolution
		Debug|Any CPU = Debug|Any CPU
		Debug|x64 = Debug|x64
		Release|Any CPU = Release|Any CPU
		Release|x64 = Release|x64
	EndGlobalSection
	GlobalSection(ProjectConfigurationPlatforms) = postSolution
		{5004970A-D280-4357-B0FF-D4D660DED3EA}.Debug|Any CPU.ActiveCfg = Debug|Any CPU
		{5004970A-D280-4357-B0FF-D4D660DED3EA}.Debug|Any CPU.Build.0 = Debug|Any CPU
		{5004970A-D280-4357-B0FF-D4D660DED3EA}.Debug|x64.ActiveCfg = Debug|x64
		{5004970A-D280-4357-B0FF-D4D660DED3EA}.Debug|x64.Build.0 = Debug|x64
		{5004970A-D280-4357-B0FF-D4D660DED3EA}.Release|Any CPU.ActiveCfg = Release|Any CPU
		{5004970A-D280-4357-B0FF-D4D660DED3EA}.Release|Any CPU.Build.0 = Release|Any CPU
		{5004970A-D280-4357-B0FF-D4D660DED3EA}.Release|x64.ActiveCfg = Release|x64
		{5004970A-D280-4357-B0FF-D4D660DED3EA}.Release|x64.Build.0 = Release|x64
		{A78FA637-04A9-4094-B931-6F551A8AF2B6}.Debug|Any CPU.ActiveCfg = Debug|x64
		{A78FA637-04A9-4094-B931-6F551A8AF2B6}.Debug|x64.ActiveCfg = Debug|x64
		{A78FA637-04A9-4094-B931-6F551A8AF2B6}.Debug|x64.Build.0 = Debug|x64
		{A78FA637-04A9-4094-B931-6F551A8AF2B6}.Release|Any CPU.ActiveCfg = Release|x64
		{A78FA637-04A9-4094-B931-6F551A8AF2B6}.Release|x64.ActiveCfg = Release|x64
		{A78FA637-04A9-4094-B931-6F551A8AF2B6}.Release|x64.Build.0 = Release|x64
		{78C12D2B-0701-48E5-937C-B8EA3972A9DF}.Debug|Any CPU.ActiveCfg = Debug|Any CPU
		{78C12D2B-0701-48E5-937C-B8EA3972A9DF}.Debug|Any CPU.Build.0 = Debug|Any CPU
		{78C12D2B-0701-48E5-937C-B8EA3972A9DF}.Debug|x64.ActiveCfg = Debug|x64
		{78C12D2B-0701-48E5-937C-B8EA3972A9DF}.Debug|x64.Build.0 = Debug|x64
		{78C12D2B-0701-48E5-937C-B8EA3972A9DF}.Release|Any CPU.ActiveCfg = Release|Any CPU
		{78C12D2B-0701-48E5-937C-B8EA3972A9DF}.Release|x64.ActiveCfg = Release|x64
		{78C12D2B-0701-48E5-937C-B8EA3972A9DF}.Release|x64.Build.0 = Release|x64
		{DBB0788C-264E-48FB-BDDB-68790FACC863}.Debug|Any CPU.ActiveCfg = Debug|Any CPU
		{DBB0788C-264E-48FB-BDDB-68790FACC863}.Debug|Any CPU.Build.0 = Debug|Any CPU
		{DBB0788C-264E-48FB-BDDB-68790FACC863}.Debug|x64.ActiveCfg = Debug|x64
		{DBB0788C-264E-48FB-BDDB-68790FACC863}.Debug|x64.Build.0 = Debug|x64
		{DBB0788C-264E-48FB-BDDB-68790FACC863}.Release|Any CPU.ActiveCfg = Release|Any CPU
		{DBB0788C-264E-48FB-BDDB-68790FACC863}.Release|x64.ActiveCfg = Release|x64
		{DBB0788C-264E-48FB-BDDB-68790FACC863}.Release|x64.Build.0 = Release|x64
		{E27D7F4A-2978-4F3C-B499-6D4A43B7AF1F}.Debug|Any CPU.ActiveCfg = Debug|Any CPU
		{E27D7F4A-2978-4F3C-B499-6D4A43B7AF1F}.Debug|Any CPU.Build.0 = Debug|Any CPU
		{E27D7F4A-2978-4F3C-B499-6D4A43B7AF1F}.Debug|x64.ActiveCfg = Debug|x64
		{E27D7F4A-2978-4F3C-B499-6D4A43B7AF1F}.Debug|x64.Build.0 = Debug|x64
		{E27D7F4A-2978-4F3C-B499-6D4A43B7AF1F}.Release|Any CPU.ActiveCfg = Release|Any CPU
		{E27D7F4A-2978-4F3C-B499-6D4A43B7AF1F}.Release|Any CPU.Build.0 = Release|Any CPU
		{E27D7F4A-2978-4F3C-B499-6D4A43B7AF1F}.Release|x64.ActiveCfg = Release|x64
		{E27D7F4A-2978-4F3C-B499-6D4A43B7AF1F}.Release|x64.Build.0 = Release|x64
		{9781A993-E950-4C0D-AEE9-FE74F485ABC6}.Debug|Any CPU.ActiveCfg = Debug|Any CPU
		{9781A993-E950-4C0D-AEE9-FE74F485ABC6}.Debug|Any CPU.Build.0 = Debug|Any CPU
		{9781A993-E950-4C0D-AEE9-FE74F485ABC6}.Debug|x64.ActiveCfg = Debug|Any CPU
		{9781A993-E950-4C0D-AEE9-FE74F485ABC6}.Debug|x64.Build.0 = Debug|Any CPU
		{9781A993-E950-4C0D-AEE9-FE74F485ABC6}.Release|Any CPU.ActiveCfg = Release|Any CPU
		{9781A993-E950-4C0D-AEE9-FE74F485ABC6}.Release|Any CPU.Build.0 = Release|Any CPU
		{9781A993-E950-4C0D-AEE9-FE74F485ABC6}.Release|x64.ActiveCfg = Release|Any CPU
		{9781A993-E950-4C0D-AEE9-FE74F485ABC6}.Release|x64.Build.0 = Release|Any CPU
		{F4BDD0B5-8268-4E68-BE6A-EAD3485AD2B1}.Debug|Any CPU.ActiveCfg = Debug|Any CPU
		{F4BDD0B5-8268-4E68-BE6A-EAD3485AD2B1}.Debug|Any CPU.Build.0 = Debug|Any CPU
		{F4BDD0B5-8268-4E68-BE6A-EAD3485AD2B1}.Debug|x64.ActiveCfg = Debug|Any CPU
		{F4BDD0B5-8268-4E68-BE6A-EAD3485AD2B1}.Debug|x64.Build.0 = Debug|Any CPU
		{F4BDD0B5-8268-4E68-BE6A-EAD3485AD2B1}.Release|Any CPU.ActiveCfg = Release|Any CPU
		{F4BDD0B5-8268-4E68-BE6A-EAD3485AD2B1}.Release|Any CPU.Build.0 = Release|Any CPU
		{F4BDD0B5-8268-4E68-BE6A-EAD3485AD2B1}.Release|x64.ActiveCfg = Release|Any CPU
		{F4BDD0B5-8268-4E68-BE6A-EAD3485AD2B1}.Release|x64.Build.0 = Release|Any CPU
		{32F34F12-4604-4D65-BAC9-C9E97D17F9CC}.Debug|Any CPU.ActiveCfg = Debug|Any CPU
		{32F34F12-4604-4D65-BAC9-C9E97D17F9CC}.Debug|Any CPU.Build.0 = Debug|Any CPU
		{32F34F12-4604-4D65-BAC9-C9E97D17F9CC}.Debug|x64.ActiveCfg = Debug|Any CPU
		{32F34F12-4604-4D65-BAC9-C9E97D17F9CC}.Debug|x64.Build.0 = Debug|Any CPU
		{32F34F12-4604-4D65-BAC9-C9E97D17F9CC}.Release|Any CPU.ActiveCfg = Release|Any CPU
		{32F34F12-4604-4D65-BAC9-C9E97D17F9CC}.Release|Any CPU.Build.0 = Release|Any CPU
		{32F34F12-4604-4D65-BAC9-C9E97D17F9CC}.Release|x64.ActiveCfg = Release|Any CPU
		{32F34F12-4604-4D65-BAC9-C9E97D17F9CC}.Release|x64.Build.0 = Release|Any CPU
		{17D6DADE-EBE8-4B4A-9EDA-014395CF42A5}.Debug|Any CPU.ActiveCfg = Debug|Any CPU
		{17D6DADE-EBE8-4B4A-9EDA-014395CF42A5}.Debug|Any CPU.Build.0 = Debug|Any CPU
		{17D6DADE-EBE8-4B4A-9EDA-014395CF42A5}.Debug|x64.ActiveCfg = Debug|Any CPU
		{17D6DADE-EBE8-4B4A-9EDA-014395CF42A5}.Debug|x64.Build.0 = Debug|Any CPU
		{17D6DADE-EBE8-4B4A-9EDA-014395CF42A5}.Release|Any CPU.ActiveCfg = Release|Any CPU
		{17D6DADE-EBE8-4B4A-9EDA-014395CF42A5}.Release|Any CPU.Build.0 = Release|Any CPU
		{17D6DADE-EBE8-4B4A-9EDA-014395CF42A5}.Release|x64.ActiveCfg = Release|Any CPU
		{17D6DADE-EBE8-4B4A-9EDA-014395CF42A5}.Release|x64.Build.0 = Release|Any CPU
		{F0356F4F-572C-4E16-8C75-B3972B1F89B8}.Debug|Any CPU.ActiveCfg = Debug|Any CPU
		{F0356F4F-572C-4E16-8C75-B3972B1F89B8}.Debug|Any CPU.Build.0 = Debug|Any CPU
		{F0356F4F-572C-4E16-8C75-B3972B1F89B8}.Debug|x64.ActiveCfg = Debug|Any CPU
		{F0356F4F-572C-4E16-8C75-B3972B1F89B8}.Debug|x64.Build.0 = Debug|Any CPU
		{F0356F4F-572C-4E16-8C75-B3972B1F89B8}.Release|Any CPU.ActiveCfg = Release|Any CPU
		{F0356F4F-572C-4E16-8C75-B3972B1F89B8}.Release|Any CPU.Build.0 = Release|Any CPU
		{F0356F4F-572C-4E16-8C75-B3972B1F89B8}.Release|x64.ActiveCfg = Release|Any CPU
		{F0356F4F-572C-4E16-8C75-B3972B1F89B8}.Release|x64.Build.0 = Release|Any CPU
		{B7F4860D-F7A8-4AAE-AE34-9166AB9E8F7A}.Debug|Any CPU.ActiveCfg = Debug|Any CPU
		{B7F4860D-F7A8-4AAE-AE34-9166AB9E8F7A}.Debug|Any CPU.Build.0 = Debug|Any CPU
		{B7F4860D-F7A8-4AAE-AE34-9166AB9E8F7A}.Debug|x64.ActiveCfg = Debug|Any CPU
		{B7F4860D-F7A8-4AAE-AE34-9166AB9E8F7A}.Debug|x64.Build.0 = Debug|Any CPU
		{B7F4860D-F7A8-4AAE-AE34-9166AB9E8F7A}.Release|Any CPU.ActiveCfg = Release|Any CPU
		{B7F4860D-F7A8-4AAE-AE34-9166AB9E8F7A}.Release|Any CPU.Build.0 = Release|Any CPU
		{B7F4860D-F7A8-4AAE-AE34-9166AB9E8F7A}.Release|x64.ActiveCfg = Release|Any CPU
		{B7F4860D-F7A8-4AAE-AE34-9166AB9E8F7A}.Release|x64.Build.0 = Release|Any CPU
		{72E2CC39-DA9A-4BC2-9856-0E1564A89DB2}.Debug|Any CPU.ActiveCfg = Debug|Any CPU
		{72E2CC39-DA9A-4BC2-9856-0E1564A89DB2}.Debug|Any CPU.Build.0 = Debug|Any CPU
		{72E2CC39-DA9A-4BC2-9856-0E1564A89DB2}.Debug|x64.ActiveCfg = Debug|Any CPU
		{72E2CC39-DA9A-4BC2-9856-0E1564A89DB2}.Debug|x64.Build.0 = Debug|Any CPU
		{72E2CC39-DA9A-4BC2-9856-0E1564A89DB2}.Release|Any CPU.ActiveCfg = Release|Any CPU
		{72E2CC39-DA9A-4BC2-9856-0E1564A89DB2}.Release|Any CPU.Build.0 = Release|Any CPU
		{72E2CC39-DA9A-4BC2-9856-0E1564A89DB2}.Release|x64.ActiveCfg = Release|Any CPU
		{72E2CC39-DA9A-4BC2-9856-0E1564A89DB2}.Release|x64.Build.0 = Release|Any CPU
		{01440D20-4C41-4C0C-AD73-FA1C08139693}.Debug|Any CPU.ActiveCfg = Debug|Any CPU
		{01440D20-4C41-4C0C-AD73-FA1C08139693}.Debug|Any CPU.Build.0 = Debug|Any CPU
		{01440D20-4C41-4C0C-AD73-FA1C08139693}.Debug|x64.ActiveCfg = Debug|Any CPU
		{01440D20-4C41-4C0C-AD73-FA1C08139693}.Debug|x64.Build.0 = Debug|Any CPU
		{01440D20-4C41-4C0C-AD73-FA1C08139693}.Release|Any CPU.ActiveCfg = Release|Any CPU
		{01440D20-4C41-4C0C-AD73-FA1C08139693}.Release|Any CPU.Build.0 = Release|Any CPU
		{01440D20-4C41-4C0C-AD73-FA1C08139693}.Release|x64.ActiveCfg = Release|Any CPU
		{01440D20-4C41-4C0C-AD73-FA1C08139693}.Release|x64.Build.0 = Release|Any CPU
		{A2C1462F-F832-4F71-9909-D4A8BEF51986}.Debug|Any CPU.ActiveCfg = Debug|Any CPU
		{A2C1462F-F832-4F71-9909-D4A8BEF51986}.Debug|Any CPU.Build.0 = Debug|Any CPU
		{A2C1462F-F832-4F71-9909-D4A8BEF51986}.Debug|x64.ActiveCfg = Debug|Any CPU
		{A2C1462F-F832-4F71-9909-D4A8BEF51986}.Debug|x64.Build.0 = Debug|Any CPU
		{A2C1462F-F832-4F71-9909-D4A8BEF51986}.Release|Any CPU.ActiveCfg = Release|Any CPU
		{A2C1462F-F832-4F71-9909-D4A8BEF51986}.Release|Any CPU.Build.0 = Release|Any CPU
		{A2C1462F-F832-4F71-9909-D4A8BEF51986}.Release|x64.ActiveCfg = Release|Any CPU
		{A2C1462F-F832-4F71-9909-D4A8BEF51986}.Release|x64.Build.0 = Release|Any CPU
	EndGlobalSection
	GlobalSection(SolutionProperties) = preSolution
		HideSolutionNode = FALSE
	EndGlobalSection
	GlobalSection(NestedProjects) = preSolution
		{78C12D2B-0701-48E5-937C-B8EA3972A9DF} = {CEA3744D-2A0A-4323-A912-718A79A76CA4}
		{DBB0788C-264E-48FB-BDDB-68790FACC863} = {BADB2D69-3F45-4189-B692-0641352353E7}
		{E27D7F4A-2978-4F3C-B499-6D4A43B7AF1F} = {BADB2D69-3F45-4189-B692-0641352353E7}
		{9781A993-E950-4C0D-AEE9-FE74F485ABC6} = {BADB2D69-3F45-4189-B692-0641352353E7}
		{F4BDD0B5-8268-4E68-BE6A-EAD3485AD2B1} = {CEA3744D-2A0A-4323-A912-718A79A76CA4}
		{32F34F12-4604-4D65-BAC9-C9E97D17F9CC} = {C9D27EA0-FF02-40A7-830F-F61973E14798}
		{17D6DADE-EBE8-4B4A-9EDA-014395CF42A5} = {C9D27EA0-FF02-40A7-830F-F61973E14798}
		{F0356F4F-572C-4E16-8C75-B3972B1F89B8} = {C9D27EA0-FF02-40A7-830F-F61973E14798}
		{B7F4860D-F7A8-4AAE-AE34-9166AB9E8F7A} = {CEA3744D-2A0A-4323-A912-718A79A76CA4}
		{72E2CC39-DA9A-4BC2-9856-0E1564A89DB2} = {C9D27EA0-FF02-40A7-830F-F61973E14798}
		{01440D20-4C41-4C0C-AD73-FA1C08139693} = {CEA3744D-2A0A-4323-A912-718A79A76CA4}
		{A2C1462F-F832-4F71-9909-D4A8BEF51986} = {C9D27EA0-FF02-40A7-830F-F61973E14798}
	EndGlobalSection
	GlobalSection(ExtensibilityGlobals) = postSolution
		SolutionGuid = {126F21D1-89B4-41A8-A658-369C6DDDCDA3}
	EndGlobalSection
EndGlobal
